
Microsoft Visual Studio Solution File, Format Version 12.00
# Visual Studio Version 17
VisualStudioVersion = 17.14.36202.13 d17.14
MinimumVisualStudioVersion = 10.0.40219.1
Project("{FAE04EC0-301F-11D3-BF4B-00C04F79EFBC}") = "Tema Suplimentara", "Tema Suplimentara\Tema Suplimentara.csproj", "{4E696BBA-6809-4210-9A21-B5793B0B9D67}"
EndProject
Global
	GlobalSection(SolutionConfigurationPlatforms) = preSolution
		Debug|Any CPU = Debug|Any CPU
		Release|Any CPU = Release|Any CPU
	EndGlobalSection
	GlobalSection(ProjectConfigurationPlatforms) = postSolution
		{4E696BBA-6809-4210-9A21-B5793B0B9D67}.Debug|Any CPU.ActiveCfg = Debug|Any CPU
		{4E696BBA-6809-4210-9A21-B5793B0B9D67}.Debug|Any CPU.Build.0 = Debug|Any CPU
		{4E696BBA-6809-4210-9A21-B5793B0B9D67}.Release|Any CPU.ActiveCfg = Release|Any CPU
		{4E696BBA-6809-4210-9A21-B5793B0B9D67}.Release|Any CPU.Build.0 = Release|Any CPU
	EndGlobalSection
	GlobalSection(SolutionProperties) = preSolution
		HideSolutionNode = FALSE
	EndGlobalSection
	GlobalSection(ExtensibilityGlobals) = postSolution
		SolutionGuid = {A3F8F6E5-E934-4E30-A9E0-A98C9858AB34}
	EndGlobalSection
EndGlobal
