
Microsoft Visual Studio Solution File, Format Version 12.00
# Visual Studio Version 17
VisualStudioVersion = 17.14.36203.30 d17.14
MinimumVisualStudioVersion = 10.0.40219.1
Project("{FAE04EC0-301F-11D3-BF4B-00C04F79EFBC}") = "Exersare_24", "Exersare_24\Exersare_24.csproj", "{F16990D6-0FDA-47C2-A55A-714CD0FABF72}"
EndProject
Global
	GlobalSection(SolutionConfigurationPlatforms) = preSolution
		Debug|Any CPU = Debug|Any CPU
		Release|Any CPU = Release|Any CPU
	EndGlobalSection
	GlobalSection(ProjectConfigurationPlatforms) = postSolution
		{F16990D6-0FDA-47C2-A55A-714CD0FABF72}.Debug|Any CPU.ActiveCfg = Debug|Any CPU
		{F16990D6-0FDA-47C2-A55A-714CD0FABF72}.Debug|Any CPU.Build.0 = Debug|Any CPU
		{F16990D6-0FDA-47C2-A55A-714CD0FABF72}.Release|Any CPU.ActiveCfg = Release|Any CPU
		{F16990D6-0FDA-47C2-A55A-714CD0FABF72}.Release|Any CPU.Build.0 = Release|Any CPU
	EndGlobalSection
	GlobalSection(SolutionProperties) = preSolution
		HideSolutionNode = FALSE
	EndGlobalSection
	GlobalSection(ExtensibilityGlobals) = postSolution
		SolutionGuid = {CE2766E8-F566-4B60-ACB4-895509B2B313}
	EndGlobalSection
EndGlobal
