
Microsoft Visual Studio Solution File, Format Version 12.00
# Visual Studio Version 17
VisualStudioVersion = 17.13.35825.156 d17.13
MinimumVisualStudioVersion = 10.0.40219.1
Project("{FAE04EC0-301F-11D3-BF4B-00C04F79EFBC}") = "Exersare_6", "Exersare_6\Exersare_6.csproj", "{0A1B95FE-95A7-4895-827A-FF67E4304F8D}"
EndProject
Global
	GlobalSection(SolutionConfigurationPlatforms) = preSolution
		Debug|Any CPU = Debug|Any CPU
		Release|Any CPU = Release|Any CPU
	EndGlobalSection
	GlobalSection(ProjectConfigurationPlatforms) = postSolution
		{0A1B95FE-95A7-4895-827A-FF67E4304F8D}.Debug|Any CPU.ActiveCfg = Debug|Any CPU
		{0A1B95FE-95A7-4895-827A-FF67E4304F8D}.Debug|Any CPU.Build.0 = Debug|Any CPU
		{0A1B95FE-95A7-4895-827A-FF67E4304F8D}.Release|Any CPU.ActiveCfg = Release|Any CPU
		{0A1B95FE-95A7-4895-827A-FF67E4304F8D}.Release|Any CPU.Build.0 = Release|Any CPU
	EndGlobalSection
	GlobalSection(SolutionProperties) = preSolution
		HideSolutionNode = FALSE
	EndGlobalSection
	GlobalSection(ExtensibilityGlobals) = postSolution
		SolutionGuid = {400A5E7A-7C8B-46F9-939A-C3F07F8AE31E}
	EndGlobalSection
EndGlobal
