
Microsoft Visual Studio Solution File, Format Version 12.00
# Visual Studio Version 17
VisualStudioVersion = 17.13.35825.156 d17.13
MinimumVisualStudioVersion = 10.0.40219.1
Project("{FAE04EC0-301F-11D3-BF4B-00C04F79EFBC}") = "Seminar_6", "Seminar_6\Seminar_6.csproj", "{30DE4726-258E-4982-A120-2B420F56A0F3}"
EndProject
Global
	GlobalSection(SolutionConfigurationPlatforms) = preSolution
		Debug|Any CPU = Debug|Any CPU
		Release|Any CPU = Release|Any CPU
	EndGlobalSection
	GlobalSection(ProjectConfigurationPlatforms) = postSolution
		{30DE4726-258E-4982-A120-2B420F56A0F3}.Debug|Any CPU.ActiveCfg = Debug|Any CPU
		{30DE4726-258E-4982-A120-2B420F56A0F3}.Debug|Any CPU.Build.0 = Debug|Any CPU
		{30DE4726-258E-4982-A120-2B420F56A0F3}.Release|Any CPU.ActiveCfg = Release|Any CPU
		{30DE4726-258E-4982-A120-2B420F56A0F3}.Release|Any CPU.Build.0 = Release|Any CPU
	EndGlobalSection
	GlobalSection(SolutionProperties) = preSolution
		HideSolutionNode = FALSE
	EndGlobalSection
	GlobalSection(ExtensibilityGlobals) = postSolution
		SolutionGuid = {46CA0A03-02E4-415F-A7D0-3CC14C34B05A}
	EndGlobalSection
EndGlobal
